// !$*UTF8*$!
{
	archiveVersion = 1;
	classes = {
	};
	objectVersion = 46;
	objects = {

/* Begin PBXBuildFile section */
		BE209C221B2D48C100161783 /* main.m in Sources */ = {isa = PBXBuildFile; fileRef = BE209C211B2D48C100161783 /* main.m */; };
		BE209C251B2D48C100161783 /* AppDelegate.m in Sources */ = {isa = PBXBuildFile; fileRef = BE209C241B2D48C100161783 /* AppDelegate.m */; };
		BE209C2E1B2D48C100161783 /* Main.storyboard in Resources */ = {isa = PBXBuildFile; fileRef = BE209C2C1B2D48C100161783 /* Main.storyboard */; };
		BE209C301B2D48C100161783 /* Images.xcassets in Resources */ = {isa = PBXBuildFile; fileRef = BE209C2F1B2D48C100161783 /* Images.xcassets */; };
		BE209C331B2D48C100161783 /* LaunchScreen.xib in Resources */ = {isa = PBXBuildFile; fileRef = BE209C311B2D48C100161783 /* LaunchScreen.xib */; };
		BE209C3F1B2D48C100161783 /* ZhiHuTests.m in Sources */ = {isa = PBXBuildFile; fileRef = BE209C3E1B2D48C100161783 /* ZhiHuTests.m */; };
		BE209C4B1B2D4B9D00161783 /* TopicViewController.m in Sources */ = {isa = PBXBuildFile; fileRef = BE209C4A1B2D4B9D00161783 /* TopicViewController.m */; };
		BE209C4E1B2D4BB800161783 /* DiscoverViewController.m in Sources */ = {isa = PBXBuildFile; fileRef = BE209C4D1B2D4BB800161783 /* DiscoverViewController.m */; };
		BE209C511B2D4BC800161783 /* NewsViewController.m in Sources */ = {isa = PBXBuildFile; fileRef = BE209C501B2D4BC800161783 /* NewsViewController.m */; };
		BE209C571B2D4C4400161783 /* TabBarController.m in Sources */ = {isa = PBXBuildFile; fileRef = BE209C561B2D4C4400161783 /* TabBarController.m */; };
		BE209C5A1B2D4C6700161783 /* SelfViewController.m in Sources */ = {isa = PBXBuildFile; fileRef = BE209C591B2D4C6700161783 /* SelfViewController.m */; };
		BE209C5F1B2D4D1600161783 /* TopicTableViewCell.m in Sources */ = {isa = PBXBuildFile; fileRef = BE209C5D1B2D4D1600161783 /* TopicTableViewCell.m */; };
		BE209C601B2D4D1600161783 /* TopicTableViewCell.xib in Resources */ = {isa = PBXBuildFile; fileRef = BE209C5E1B2D4D1600161783 /* TopicTableViewCell.xib */; };
		BE209C641B2D7EA000161783 /* Question.m in Sources */ = {isa = PBXBuildFile; fileRef = BE209C631B2D7EA000161783 /* Question.m */; };
		BE209C671B2D95EC00161783 /* User.m in Sources */ = {isa = PBXBuildFile; fileRef = BE209C661B2D95EC00161783 /* User.m */; };
		BE209C6A1B2D95FA00161783 /* Answer.m in Sources */ = {isa = PBXBuildFile; fileRef = BE209C691B2D95FA00161783 /* Answer.m */; };
		BE209C6E1B2D9B1700161783 /* DiscoverTableViewCell.m in Sources */ = {isa = PBXBuildFile; fileRef = BE209C6C1B2D9B1700161783 /* DiscoverTableViewCell.m */; };
		BE209C6F1B2D9B1700161783 /* DiscoverTableViewCell.xib in Resources */ = {isa = PBXBuildFile; fileRef = BE209C6D1B2D9B1700161783 /* DiscoverTableViewCell.xib */; };
		BE209C731B2D9FB000161783 /* NewsTableViewCell.m in Sources */ = {isa = PBXBuildFile; fileRef = BE209C711B2D9FB000161783 /* NewsTableViewCell.m */; };
		BE209C741B2D9FB000161783 /* NewsTableViewCell.xib in Resources */ = {isa = PBXBuildFile; fileRef = BE209C721B2D9FB000161783 /* NewsTableViewCell.xib */; };
/* End PBXBuildFile section */

/* Begin PBXContainerItemProxy section */
		BE209C391B2D48C100161783 /* PBXContainerItemProxy */ = {
			isa = PBXContainerItemProxy;
			containerPortal = BE209C141B2D48C100161783 /* Project object */;
			proxyType = 1;
			remoteGlobalIDString = BE209C1B1B2D48C100161783;
			remoteInfo = ZhiHu;
		};
/* End PBXContainerItemProxy section */

/* Begin PBXFileReference section */
		BE209C1C1B2D48C100161783 /* ZhiHu.app */ = {isa = PBXFileReference; explicitFileType = wrapper.application; includeInIndex = 0; path = ZhiHu.app; sourceTree = BUILT_PRODUCTS_DIR; };
		BE209C201B2D48C100161783 /* Info.plist */ = {isa = PBXFileReference; lastKnownFileType = text.plist.xml; path = Info.plist; sourceTree = "<group>"; };
		BE209C211B2D48C100161783 /* main.m */ = {isa = PBXFileReference; lastKnownFileType = sourcecode.c.objc; path = main.m; sourceTree = "<group>"; };
		BE209C231B2D48C100161783 /* AppDelegate.h */ = {isa = PBXFileReference; lastKnownFileType = sourcecode.c.h; path = AppDelegate.h; sourceTree = "<group>"; };
		BE209C241B2D48C100161783 /* AppDelegate.m */ = {isa = PBXFileReference; lastKnownFileType = sourcecode.c.objc; path = AppDelegate.m; sourceTree = "<group>"; };
		BE209C2D1B2D48C100161783 /* Base */ = {isa = PBXFileReference; lastKnownFileType = file.storyboard; name = Base; path = Base.lproj/Main.storyboard; sourceTree = "<group>"; };
		BE209C2F1B2D48C100161783 /* Images.xcassets */ = {isa = PBXFileReference; lastKnownFileType = folder.assetcatalog; path = Images.xcassets; sourceTree = "<group>"; };
		BE209C321B2D48C100161783 /* Base */ = {isa = PBXFileReference; lastKnownFileType = file.xib; name = Base; path = Base.lproj/LaunchScreen.xib; sourceTree = "<group>"; };
		BE209C381B2D48C100161783 /* ZhiHuTests.xctest */ = {isa = PBXFileReference; explicitFileType = wrapper.cfbundle; includeInIndex = 0; path = ZhiHuTests.xctest; sourceTree = BUILT_PRODUCTS_DIR; };
		BE209C3D1B2D48C100161783 /* Info.plist */ = {isa = PBXFileReference; lastKnownFileType = text.plist.xml; path = Info.plist; sourceTree = "<group>"; };
		BE209C3E1B2D48C100161783 /* ZhiHuTests.m */ = {isa = PBXFileReference; lastKnownFileType = sourcecode.c.objc; path = ZhiHuTests.m; sourceTree = "<group>"; };
		BE209C491B2D4B9D00161783 /* TopicViewController.h */ = {isa = PBXFileReference; fileEncoding = 4; lastKnownFileType = sourcecode.c.h; name = TopicViewController.h; path = class/TopicViewController.h; sourceTree = "<group>"; };
		BE209C4A1B2D4B9D00161783 /* TopicViewController.m */ = {isa = PBXFileReference; fileEncoding = 4; lastKnownFileType = sourcecode.c.objc; name = TopicViewController.m; path = class/TopicViewController.m; sourceTree = "<group>"; };
		BE209C4C1B2D4BB800161783 /* DiscoverViewController.h */ = {isa = PBXFileReference; fileEncoding = 4; lastKnownFileType = sourcecode.c.h; name = DiscoverViewController.h; path = class/DiscoverViewController.h; sourceTree = "<group>"; };
		BE209C4D1B2D4BB800161783 /* DiscoverViewController.m */ = {isa = PBXFileReference; fileEncoding = 4; lastKnownFileType = sourcecode.c.objc; name = DiscoverViewController.m; path = class/DiscoverViewController.m; sourceTree = "<group>"; };
		BE209C4F1B2D4BC800161783 /* NewsViewController.h */ = {isa = PBXFileReference; fileEncoding = 4; lastKnownFileType = sourcecode.c.h; name = NewsViewController.h; path = class/NewsViewController.h; sourceTree = "<group>"; };
		BE209C501B2D4BC800161783 /* NewsViewController.m */ = {isa = PBXFileReference; fileEncoding = 4; lastKnownFileType = sourcecode.c.objc; name = NewsViewController.m; path = class/NewsViewController.m; sourceTree = "<group>"; };
		BE209C551B2D4C4400161783 /* TabBarController.h */ = {isa = PBXFileReference; fileEncoding = 4; lastKnownFileType = sourcecode.c.h; name = TabBarController.h; path = class/TabBarController.h; sourceTree = "<group>"; };
		BE209C561B2D4C4400161783 /* TabBarController.m */ = {isa = PBXFileReference; fileEncoding = 4; lastKnownFileType = sourcecode.c.objc; name = TabBarController.m; path = class/TabBarController.m; sourceTree = "<group>"; };
		BE209C581B2D4C6700161783 /* SelfViewController.h */ = {isa = PBXFileReference; fileEncoding = 4; lastKnownFileType = sourcecode.c.h; name = SelfViewController.h; path = class/SelfViewController.h; sourceTree = "<group>"; };
		BE209C591B2D4C6700161783 /* SelfViewController.m */ = {isa = PBXFileReference; fileEncoding = 4; lastKnownFileType = sourcecode.c.objc; name = SelfViewController.m; path = class/SelfViewController.m; sourceTree = "<group>"; };
		BE209C5C1B2D4D1600161783 /* TopicTableViewCell.h */ = {isa = PBXFileReference; fileEncoding = 4; lastKnownFileType = sourcecode.c.h; name = TopicTableViewCell.h; path = class/TopicTableViewCell.h; sourceTree = "<group>"; };
		BE209C5D1B2D4D1600161783 /* TopicTableViewCell.m */ = {isa = PBXFileReference; fileEncoding = 4; lastKnownFileType = sourcecode.c.objc; name = TopicTableViewCell.m; path = class/TopicTableViewCell.m; sourceTree = "<group>"; };
		BE209C5E1B2D4D1600161783 /* TopicTableViewCell.xib */ = {isa = PBXFileReference; fileEncoding = 4; lastKnownFileType = file.xib; name = TopicTableViewCell.xib; path = class/TopicTableViewCell.xib; sourceTree = "<group>"; };
		BE209C621B2D7EA000161783 /* Question.h */ = {isa = PBXFileReference; fileEncoding = 4; lastKnownFileType = sourcecode.c.h; name = Question.h; path = class/Question.h; sourceTree = "<group>"; };
		BE209C631B2D7EA000161783 /* Question.m */ = {isa = PBXFileReference; fileEncoding = 4; lastKnownFileType = sourcecode.c.objc; name = Question.m; path = class/Question.m; sourceTree = "<group>"; };
		BE209C651B2D95EC00161783 /* User.h */ = {isa = PBXFileReference; fileEncoding = 4; lastKnownFileType = sourcecode.c.h; name = User.h; path = class/User.h; sourceTree = "<group>"; };
		BE209C661B2D95EC00161783 /* User.m */ = {isa = PBXFileReference; fileEncoding = 4; lastKnownFileType = sourcecode.c.objc; name = User.m; path = class/User.m; sourceTree = "<group>"; };
		BE209C681B2D95FA00161783 /* Answer.h */ = {isa = PBXFileReference; fileEncoding = 4; lastKnownFileType = sourcecode.c.h; name = Answer.h; path = class/Answer.h; sourceTree = "<group>"; };
		BE209C691B2D95FA00161783 /* Answer.m */ = {isa = PBXFileReference; fileEncoding = 4; lastKnownFileType = sourcecode.c.objc; name = Answer.m; path = class/Answer.m; sourceTree = "<group>"; };
		BE209C6B1B2D9B1700161783 /* DiscoverTableViewCell.h */ = {isa = PBXFileReference; fileEncoding = 4; lastKnownFileType = sourcecode.c.h; name = DiscoverTableViewCell.h; path = class/DiscoverTableViewCell.h; sourceTree = "<group>"; };
		BE209C6C1B2D9B1700161783 /* DiscoverTableViewCell.m */ = {isa = PBXFileReference; fileEncoding = 4; lastKnownFileType = sourcecode.c.objc; name = DiscoverTableViewCell.m; path = class/DiscoverTableViewCell.m; sourceTree = "<group>"; };
		BE209C6D1B2D9B1700161783 /* DiscoverTableViewCell.xib */ = {isa = PBXFileReference; fileEncoding = 4; lastKnownFileType = file.xib; name = DiscoverTableViewCell.xib; path = class/DiscoverTableViewCell.xib; sourceTree = "<group>"; };
		BE209C701B2D9FB000161783 /* NewsTableViewCell.h */ = {isa = PBXFileReference; fileEncoding = 4; lastKnownFileType = sourcecode.c.h; name = NewsTableViewCell.h; path = class/NewsTableViewCell.h; sourceTree = "<group>"; };
		BE209C711B2D9FB000161783 /* NewsTableViewCell.m */ = {isa = PBXFileReference; fileEncoding = 4; lastKnownFileType = sourcecode.c.objc; name = NewsTableViewCell.m; path = class/NewsTableViewCell.m; sourceTree = "<group>"; };
		BE209C721B2D9FB000161783 /* NewsTableViewCell.xib */ = {isa = PBXFileReference; fileEncoding = 4; lastKnownFileType = file.xib; name = NewsTableViewCell.xib; path = class/NewsTableViewCell.xib; sourceTree = "<group>"; };
/* End PBXFileReference section */

/* Begin PBXFrameworksBuildPhase section */
		BE209C191B2D48C100161783 /* Frameworks */ = {
			isa = PBXFrameworksBuildPhase;
			buildActionMask = 2147483647;
			files = (
			);
			runOnlyForDeploymentPostprocessing = 0;
		};
		BE209C351B2D48C100161783 /* Frameworks */ = {
			isa = PBXFrameworksBuildPhase;
			buildActionMask = 2147483647;
			files = (
			);
			runOnlyForDeploymentPostprocessing = 0;
		};
/* End PBXFrameworksBuildPhase section */

/* Begin PBXGroup section */
		BE209C131B2D48C100161783 = {
			isa = PBXGroup;
			children = (
				BE209C5B1B2D4CEB00161783 /* VIewCell */,
				BE209C481B2D4B7100161783 /* TopViewController */,
				BE209C611B2D7E7A00161783 /* model */,
				BE209C1E1B2D48C100161783 /* ZhiHu */,
				BE209C3B1B2D48C100161783 /* ZhiHuTests */,
				BE209C1D1B2D48C100161783 /* Products */,
			);
			sourceTree = "<group>";
		};
		BE209C1D1B2D48C100161783 /* Products */ = {
			isa = PBXGroup;
			children = (
				BE209C1C1B2D48C100161783 /* ZhiHu.app */,
				BE209C381B2D48C100161783 /* ZhiHuTests.xctest */,
			);
			name = Products;
			sourceTree = "<group>";
		};
		BE209C1E1B2D48C100161783 /* ZhiHu */ = {
			isa = PBXGroup;
			children = (
				BE209C231B2D48C100161783 /* AppDelegate.h */,
				BE209C241B2D48C100161783 /* AppDelegate.m */,
				BE209C2C1B2D48C100161783 /* Main.storyboard */,
				BE209C2F1B2D48C100161783 /* Images.xcassets */,
				BE209C311B2D48C100161783 /* LaunchScreen.xib */,
				BE209C1F1B2D48C100161783 /* Supporting Files */,
			);
			path = ZhiHu;
			sourceTree = "<group>";
		};
		BE209C1F1B2D48C100161783 /* Supporting Files */ = {
			isa = PBXGroup;
			children = (
				BE209C201B2D48C100161783 /* Info.plist */,
				BE209C211B2D48C100161783 /* main.m */,
			);
			name = "Supporting Files";
			sourceTree = "<group>";
		};
		BE209C3B1B2D48C100161783 /* ZhiHuTests */ = {
			isa = PBXGroup;
			children = (
				BE209C3E1B2D48C100161783 /* ZhiHuTests.m */,
				BE209C3C1B2D48C100161783 /* Supporting Files */,
			);
			path = ZhiHuTests;
			sourceTree = "<group>";
		};
		BE209C3C1B2D48C100161783 /* Supporting Files */ = {
			isa = PBXGroup;
			children = (
				BE209C3D1B2D48C100161783 /* Info.plist */,
			);
			name = "Supporting Files";
			sourceTree = "<group>";
		};
		BE209C481B2D4B7100161783 /* TopViewController */ = {
			isa = PBXGroup;
			children = (
				BE209C491B2D4B9D00161783 /* TopicViewController.h */,
				BE209C4A1B2D4B9D00161783 /* TopicViewController.m */,
				BE209C4C1B2D4BB800161783 /* DiscoverViewController.h */,
				BE209C4D1B2D4BB800161783 /* DiscoverViewController.m */,
				BE209C4F1B2D4BC800161783 /* NewsViewController.h */,
				BE209C501B2D4BC800161783 /* NewsViewController.m */,
				BE209C581B2D4C6700161783 /* SelfViewController.h */,
				BE209C591B2D4C6700161783 /* SelfViewController.m */,
				BE209C551B2D4C4400161783 /* TabBarController.h */,
				BE209C561B2D4C4400161783 /* TabBarController.m */,
			);
			name = TopViewController;
			sourceTree = "<group>";
		};
		BE209C5B1B2D4CEB00161783 /* VIewCell */ = {
			isa = PBXGroup;
			children = (
				BE209C5C1B2D4D1600161783 /* TopicTableViewCell.h */,
				BE209C5D1B2D4D1600161783 /* TopicTableViewCell.m */,
				BE209C5E1B2D4D1600161783 /* TopicTableViewCell.xib */,
				BE209C6B1B2D9B1700161783 /* DiscoverTableViewCell.h */,
				BE209C6C1B2D9B1700161783 /* DiscoverTableViewCell.m */,
				BE209C6D1B2D9B1700161783 /* DiscoverTableViewCell.xib */,
				BE209C701B2D9FB000161783 /* NewsTableViewCell.h */,
				BE209C711B2D9FB000161783 /* NewsTableViewCell.m */,
				BE209C721B2D9FB000161783 /* NewsTableViewCell.xib */,
			);
			name = VIewCell;
			sourceTree = "<group>";
		};
		BE209C611B2D7E7A00161783 /* model */ = {
			isa = PBXGroup;
			children = (
				BE209C621B2D7EA000161783 /* Question.h */,
				BE209C631B2D7EA000161783 /* Question.m */,
				BE209C651B2D95EC00161783 /* User.h */,
				BE209C661B2D95EC00161783 /* User.m */,
				BE209C681B2D95FA00161783 /* Answer.h */,
				BE209C691B2D95FA00161783 /* Answer.m */,
			);
			name = model;
			sourceTree = "<group>";
		};
/* End PBXGroup section */

/* Begin PBXNativeTarget section */
		BE209C1B1B2D48C100161783 /* ZhiHu */ = {
			isa = PBXNativeTarget;
			buildConfigurationList = BE209C421B2D48C100161783 /* Build configuration list for PBXNativeTarget "ZhiHu" */;
			buildPhases = (
				BE209C181B2D48C100161783 /* Sources */,
				BE209C191B2D48C100161783 /* Frameworks */,
				BE209C1A1B2D48C100161783 /* Resources */,
			);
			buildRules = (
			);
			dependencies = (
			);
			name = ZhiHu;
			productName = ZhiHu;
			productReference = BE209C1C1B2D48C100161783 /* ZhiHu.app */;
			productType = "com.apple.product-type.application";
		};
		BE209C371B2D48C100161783 /* ZhiHuTests */ = {
			isa = PBXNativeTarget;
			buildConfigurationList = BE209C451B2D48C100161783 /* Build configuration list for PBXNativeTarget "ZhiHuTests" */;
			buildPhases = (
				BE209C341B2D48C100161783 /* Sources */,
				BE209C351B2D48C100161783 /* Frameworks */,
				BE209C361B2D48C100161783 /* Resources */,
			);
			buildRules = (
			);
			dependencies = (
				BE209C3A1B2D48C100161783 /* PBXTargetDependency */,
			);
			name = ZhiHuTests;
			productName = ZhiHuTests;
			productReference = BE209C381B2D48C100161783 /* ZhiHuTests.xctest */;
			productType = "com.apple.product-type.bundle.unit-test";
		};
/* End PBXNativeTarget section */

/* Begin PBXProject section */
		BE209C141B2D48C100161783 /* Project object */ = {
			isa = PBXProject;
			attributes = {
				LastUpgradeCheck = 0630;
				ORGANIZATIONNAME = "严润发";
				TargetAttributes = {
					BE209C1B1B2D48C100161783 = {
						CreatedOnToolsVersion = 6.3.2;
					};
					BE209C371B2D48C100161783 = {
						CreatedOnToolsVersion = 6.3.2;
						TestTargetID = BE209C1B1B2D48C100161783;
					};
				};
			};
			buildConfigurationList = BE209C171B2D48C100161783 /* Build configuration list for PBXProject "ZhiHu" */;
			compatibilityVersion = "Xcode 3.2";
			developmentRegion = English;
			hasScannedForEncodings = 0;
			knownRegions = (
				en,
				Base,
			);
			mainGroup = BE209C131B2D48C100161783;
			productRefGroup = BE209C1D1B2D48C100161783 /* Products */;
			projectDirPath = "";
			projectRoot = "";
			targets = (
				BE209C1B1B2D48C100161783 /* ZhiHu */,
				BE209C371B2D48C100161783 /* ZhiHuTests */,
			);
		};
/* End PBXProject section */

/* Begin PBXResourcesBuildPhase section */
		BE209C1A1B2D48C100161783 /* Resources */ = {
			isa = PBXResourcesBuildPhase;
			buildActionMask = 2147483647;
			files = (
				BE209C6F1B2D9B1700161783 /* DiscoverTableViewCell.xib in Resources */,
				BE209C2E1B2D48C100161783 /* Main.storyboard in Resources */,
				BE209C601B2D4D1600161783 /* TopicTableViewCell.xib in Resources */,
				BE209C331B2D48C100161783 /* LaunchScreen.xib in Resources */,
				BE209C741B2D9FB000161783 /* NewsTableViewCell.xib in Resources */,
				BE209C301B2D48C100161783 /* Images.xcassets in Resources */,
			);
			runOnlyForDeploymentPostprocessing = 0;
		};
		BE209C361B2D48C100161783 /* Resources */ = {
			isa = PBXResourcesBuildPhase;
			buildActionMask = 2147483647;
			files = (
			);
			runOnlyForDeploymentPostprocessing = 0;
		};
/* End PBXResourcesBuildPhase section */

/* Begin PBXSourcesBuildPhase section */
		BE209C181B2D48C100161783 /* Sources */ = {
			isa = PBXSourcesBuildPhase;
			buildActionMask = 2147483647;
			files = (
				BE209C6E1B2D9B1700161783 /* DiscoverTableViewCell.m in Sources */,
				BE209C671B2D95EC00161783 /* User.m in Sources */,
				BE209C571B2D4C4400161783 /* TabBarController.m in Sources */,
				BE209C5F1B2D4D1600161783 /* TopicTableViewCell.m in Sources */,
				BE209C5A1B2D4C6700161783 /* SelfViewController.m in Sources */,
				BE209C251B2D48C100161783 /* AppDelegate.m in Sources */,
				BE209C4E1B2D4BB800161783 /* DiscoverViewController.m in Sources */,
				BE209C6A1B2D95FA00161783 /* Answer.m in Sources */,
				BE209C511B2D4BC800161783 /* NewsViewController.m in Sources */,
				BE209C641B2D7EA000161783 /* Question.m in Sources */,
				BE209C221B2D48C100161783 /* main.m in Sources */,
				BE209C731B2D9FB000161783 /* NewsTableViewCell.m in Sources */,
				BE209C4B1B2D4B9D00161783 /* TopicViewController.m in Sources */,
			);
			runOnlyForDeploymentPostprocessing = 0;
		};
		BE209C341B2D48C100161783 /* Sources */ = {
			isa = PBXSourcesBuildPhase;
			buildActionMask = 2147483647;
			files = (
				BE209C3F1B2D48C100161783 /* ZhiHuTests.m in Sources */,
			);
			runOnlyForDeploymentPostprocessing = 0;
		};
/* End PBXSourcesBuildPhase section */

/* Begin PBXTargetDependency section */
		BE209C3A1B2D48C100161783 /* PBXTargetDependency */ = {
			isa = PBXTargetDependency;
			target = BE209C1B1B2D48C100161783 /* ZhiHu */;
			targetProxy = BE209C391B2D48C100161783 /* PBXContainerItemProxy */;
		};
/* End PBXTargetDependency section */

/* Begin PBXVariantGroup section */
		BE209C2C1B2D48C100161783 /* Main.storyboard */ = {
			isa = PBXVariantGroup;
			children = (
				BE209C2D1B2D48C100161783 /* Base */,
			);
			name = Main.storyboard;
			sourceTree = "<group>";
		};
		BE209C311B2D48C100161783 /* LaunchScreen.xib */ = {
			isa = PBXVariantGroup;
			children = (
				BE209C321B2D48C100161783 /* Base */,
			);
			name = LaunchScreen.xib;
			sourceTree = "<group>";
		};
/* End PBXVariantGroup section */

/* Begin XCBuildConfiguration section */
		BE209C401B2D48C100161783 /* Debug */ = {
			isa = XCBuildConfiguration;
			buildSettings = {
				ALWAYS_SEARCH_USER_PATHS = NO;
				CLANG_CXX_LANGUAGE_STANDARD = "gnu++0x";
				CLANG_CXX_LIBRARY = "libc++";
				CLANG_ENABLE_MODULES = YES;
				CLANG_ENABLE_OBJC_ARC = YES;
				CLANG_WARN_BOOL_CONVERSION = YES;
				CLANG_WARN_CONSTANT_CONVERSION = YES;
				CLANG_WARN_DIRECT_OBJC_ISA_USAGE = YES_ERROR;
				CLANG_WARN_EMPTY_BODY = YES;
				CLANG_WARN_ENUM_CONVERSION = YES;
				CLANG_WARN_INT_CONVERSION = YES;
				CLANG_WARN_OBJC_ROOT_CLASS = YES_ERROR;
				CLANG_WARN_UNREACHABLE_CODE = YES;
				CLANG_WARN__DUPLICATE_METHOD_MATCH = YES;
				"CODE_SIGN_IDENTITY[sdk=iphoneos*]" = "iPhone Developer";
				COPY_PHASE_STRIP = NO;
				DEBUG_INFORMATION_FORMAT = "dwarf-with-dsym";
				ENABLE_STRICT_OBJC_MSGSEND = YES;
				GCC_C_LANGUAGE_STANDARD = gnu99;
				GCC_DYNAMIC_NO_PIC = NO;
				GCC_NO_COMMON_BLOCKS = YES;
				GCC_OPTIMIZATION_LEVEL = 0;
				GCC_PREPROCESSOR_DEFINITIONS = (
					"DEBUG=1",
					"$(inherited)",
				);
				GCC_SYMBOLS_PRIVATE_EXTERN = NO;
				GCC_WARN_64_TO_32_BIT_CONVERSION = YES;
				GCC_WARN_ABOUT_RETURN_TYPE = YES_ERROR;
				GCC_WARN_UNDECLARED_SELECTOR = YES;
				GCC_WARN_UNINITIALIZED_AUTOS = YES_AGGRESSIVE;
				GCC_WARN_UNUSED_FUNCTION = YES;
				GCC_WARN_UNUSED_VARIABLE = YES;
				IPHONEOS_DEPLOYMENT_TARGET = 8.3;
				MTL_ENABLE_DEBUG_INFO = YES;
				ONLY_ACTIVE_ARCH = YES;
				SDKROOT = iphoneos;
			};
			name = Debug;
		};
		BE209C411B2D48C100161783 /* Release */ = {
			isa = XCBuildConfiguration;
			buildSettings = {
				ALWAYS_SEARCH_USER_PATHS = NO;
				CLANG_CXX_LANGUAGE_STANDARD = "gnu++0x";
				CLANG_CXX_LIBRARY = "libc++";
				CLANG_ENABLE_MODULES = YES;
				CLANG_ENABLE_OBJC_ARC = YES;
				CLANG_WARN_BOOL_CONVERSION = YES;
				CLANG_WARN_CONSTANT_CONVERSION = YES;
				CLANG_WARN_DIRECT_OBJC_ISA_USAGE = YES_ERROR;
				CLANG_WARN_EMPTY_BODY = YES;
				CLANG_WARN_ENUM_CONVERSION = YES;
				CLANG_WARN_INT_CONVERSION = YES;
				CLANG_WARN_OBJC_ROOT_CLASS = YES_ERROR;
				CLANG_WARN_UNREACHABLE_CODE = YES;
				CLANG_WARN__DUPLICATE_METHOD_MATCH = YES;
				"CODE_SIGN_IDENTITY[sdk=iphoneos*]" = "iPhone Developer";
				COPY_PHASE_STRIP = NO;
				DEBUG_INFORMATION_FORMAT = "dwarf-with-dsym";
				ENABLE_NS_ASSERTIONS = NO;
				ENABLE_STRICT_OBJC_MSGSEND = YES;
				GCC_C_LANGUAGE_STANDARD = gnu99;
				GCC_NO_COMMON_BLOCKS = YES;
				GCC_WARN_64_TO_32_BIT_CONVERSION = YES;
				GCC_WARN_ABOUT_RETURN_TYPE = YES_ERROR;
				GCC_WARN_UNDECLARED_SELECTOR = YES;
				GCC_WARN_UNINITIALIZED_AUTOS = YES_AGGRESSIVE;
				GCC_WARN_UNUSED_FUNCTION = YES;
				GCC_WARN_UNUSED_VARIABLE = YES;
				IPHONEOS_DEPLOYMENT_TARGET = 8.3;
				MTL_ENABLE_DEBUG_INFO = NO;
				SDKROOT = iphoneos;
				VALIDATE_PRODUCT = YES;
			};
			name = Release;
		};
		BE209C431B2D48C100161783 /* Debug */ = {
			isa = XCBuildConfiguration;
			buildSettings = {
				ASSETCATALOG_COMPILER_APPICON_NAME = AppIcon;
				INFOPLIST_FILE = ZhiHu/Info.plist;
				LD_RUNPATH_SEARCH_PATHS = "$(inherited) @executable_path/Frameworks";
				PRODUCT_NAME = "$(TARGET_NAME)";
			};
			name = Debug;
		};
		BE209C441B2D48C100161783 /* Release */ = {
			isa = XCBuildConfiguration;
			buildSettings = {
				ASSETCATALOG_COMPILER_APPICON_NAME = AppIcon;
				INFOPLIST_FILE = ZhiHu/Info.plist;
				LD_RUNPATH_SEARCH_PATHS = "$(inherited) @executable_path/Frameworks";
				PRODUCT_NAME = "$(TARGET_NAME)";
			};
			name = Release;
		};
		BE209C461B2D48C100161783 /* Debug */ = {
			isa = XCBuildConfiguration;
			buildSettings = {
				BUNDLE_LOADER = "$(TEST_HOST)";
				FRAMEWORK_SEARCH_PATHS = (
					"$(SDKROOT)/Developer/Library/Frameworks",
					"$(inherited)",
				);
				GCC_PREPROCESSOR_DEFINITIONS = (
					"DEBUG=1",
					"$(inherited)",
				);
				INFOPLIST_FILE = ZhiHuTests/Info.plist;
				LD_RUNPATH_SEARCH_PATHS = "$(inherited) @executable_path/Frameworks @loader_path/Frameworks";
				PRODUCT_NAME = "$(TARGET_NAME)";
				TEST_HOST = "$(BUILT_PRODUCTS_DIR)/ZhiHu.app/ZhiHu";
			};
			name = Debug;
		};
		BE209C471B2D48C100161783 /* Release */ = {
			isa = XCBuildConfiguration;
			buildSettings = {
				BUNDLE_LOADER = "$(TEST_HOST)";
				FRAMEWORK_SEARCH_PATHS = (
					"$(SDKROOT)/Developer/Library/Frameworks",
					"$(inherited)",
				);
				INFOPLIST_FILE = ZhiHuTests/Info.plist;
				LD_RUNPATH_SEARCH_PATHS = "$(inherited) @executable_path/Frameworks @loader_path/Frameworks";
				PRODUCT_NAME = "$(TARGET_NAME)";
				TEST_HOST = "$(BUILT_PRODUCTS_DIR)/ZhiHu.app/ZhiHu";
			};
			name = Release;
		};
/* End XCBuildConfiguration section */

/* Begin XCConfigurationList section */
		BE209C171B2D48C100161783 /* Build configuration list for PBXProject "ZhiHu" */ = {
			isa = XCConfigurationList;
			buildConfigurations = (
				BE209C401B2D48C100161783 /* Debug */,
				BE209C411B2D48C100161783 /* Release */,
			);
			defaultConfigurationIsVisible = 0;
			defaultConfigurationName = Release;
		};
		BE209C421B2D48C100161783 /* Build configuration list for PBXNativeTarget "ZhiHu" */ = {
			isa = XCConfigurationList;
			buildConfigurations = (
				BE209C431B2D48C100161783 /* Debug */,
				BE209C441B2D48C100161783 /* Release */,
			);
			defaultConfigurationIsVisible = 0;
		};
		BE209C451B2D48C100161783 /* Build configuration list for PBXNativeTarget "ZhiHuTests" */ = {
			isa = XCConfigurationList;
			buildConfigurations = (
				BE209C461B2D48C100161783 /* Debug */,
				BE209C471B2D48C100161783 /* Release */,
			);
			defaultConfigurationIsVisible = 0;
		};
/* End XCConfigurationList section */
	};
	rootObject = BE209C141B2D48C100161783 /* Project object */;
}
